
Microsoft Visual Studio Solution File, Format Version 12.00
# Visual Studio Version 17
VisualStudioVersion = 17.13.35828.75
MinimumVisualStudioVersion = 10.0.40219.1
Project("{FAE04EC0-301F-11D3-BF4B-00C04F79EFBC}") = "EverestCodingQuestionTests", "..\EverestCodingQuestionTests\EverestCodingQuestionTests.csproj", "{3DB8092F-5155-41CF-A1B0-6E300CA09336}"
EndProject
Project("{FAE04EC0-301F-11D3-BF4B-00C04F79EFBC}") = "EverestCodingQuestion", "EverestCodingQuestion\EverestCodingQuestion.csproj", "{18F5FF71-EAB6-9FF9-9952-46B729EDD219}"
EndProject
Global
	GlobalSection(SolutionConfigurationPlatforms) = preSolution
		Debug|Any CPU = Debug|Any CPU
		Release|Any CPU = Release|Any CPU
	EndGlobalSection
	GlobalSection(ProjectConfigurationPlatforms) = postSolution
		{3DB8092F-5155-41CF-A1B0-6E300CA09336}.Debug|Any CPU.ActiveCfg = Debug|Any CPU
		{3DB8092F-5155-41CF-A1B0-6E300CA09336}.Debug|Any CPU.Build.0 = Debug|Any CPU
		{3DB8092F-5155-41CF-A1B0-6E300CA09336}.Release|Any CPU.ActiveCfg = Release|Any CPU
		{3DB8092F-5155-41CF-A1B0-6E300CA09336}.Release|Any CPU.Build.0 = Release|Any CPU
		{18F5FF71-EAB6-9FF9-9952-46B729EDD219}.Debug|Any CPU.ActiveCfg = Debug|Any CPU
		{18F5FF71-EAB6-9FF9-9952-46B729EDD219}.Debug|Any CPU.Build.0 = Debug|Any CPU
		{18F5FF71-EAB6-9FF9-9952-46B729EDD219}.Release|Any CPU.ActiveCfg = Release|Any CPU
		{18F5FF71-EAB6-9FF9-9952-46B729EDD219}.Release|Any CPU.Build.0 = Release|Any CPU
	EndGlobalSection
	GlobalSection(SolutionProperties) = preSolution
		HideSolutionNode = FALSE
	EndGlobalSection
	GlobalSection(ExtensibilityGlobals) = postSolution
		SolutionGuid = {15085812-FC75-4126-874B-BACA31EA14F0}
	EndGlobalSection
EndGlobal
